
Microsoft Visual Studio Solution File, Format Version 12.00
# Visual Studio Version 17
VisualStudioVersion = 17.13.36105.23 d17.13
MinimumVisualStudioVersion = 10.0.40219.1
Project("{FAE04EC0-301F-11D3-BF4B-00C04F79EFBC}") = "crud-dot-net-api", "crud-dot-net-api\crud-dot-net-api.csproj", "{2D4216D6-C1B9-4803-BD07-A731AD4A0133}"
EndProject
Global
	GlobalSection(SolutionConfigurationPlatforms) = preSolution
		Debug|Any CPU = Debug|Any CPU
		Release|Any CPU = Release|Any CPU
	EndGlobalSection
	GlobalSection(ProjectConfigurationPlatforms) = postSolution
		{2D4216D6-C1B9-4803-BD07-A731AD4A0133}.Debug|Any CPU.ActiveCfg = Debug|Any CPU
		{2D4216D6-C1B9-4803-BD07-A731AD4A0133}.Debug|Any CPU.Build.0 = Debug|Any CPU
		{2D4216D6-C1B9-4803-BD07-A731AD4A0133}.Release|Any CPU.ActiveCfg = Release|Any CPU
		{2D4216D6-C1B9-4803-BD07-A731AD4A0133}.Release|Any CPU.Build.0 = Release|Any CPU
	EndGlobalSection
	GlobalSection(SolutionProperties) = preSolution
		HideSolutionNode = FALSE
	EndGlobalSection
	GlobalSection(ExtensibilityGlobals) = postSolution
		SolutionGuid = {8148A726-C8C8-4ABE-B4CD-C50ED60B1A2B}
	EndGlobalSection
EndGlobal
